
Microsoft Visual Studio Solution File, Format Version 12.00
# Visual Studio 2015
Project("{FAE04EC0-301F-11D3-BF4B-00C04F79EFBC}") = "Dungeon Board Game.CSharp", "Dungeon Board Game.CSharp.csproj", "{C45EA96D-9F7E-FDD8-ECCE-CE2116E2D1B1}"
EndProject
Global
	GlobalSection(SolutionConfigurationPlatforms) = preSolution
		Debug|Any CPU = Debug|Any CPU
		Release|Any CPU = Release|Any CPU
	EndGlobalSection
	GlobalSection(ProjectConfigurationPlatforms) = postSolution
		{C45EA96D-9F7E-FDD8-ECCE-CE2116E2D1B1}.Debug|Any CPU.ActiveCfg = Debug|Any CPU
		{C45EA96D-9F7E-FDD8-ECCE-CE2116E2D1B1}.Debug|Any CPU.Build.0 = Debug|Any CPU
		{C45EA96D-9F7E-FDD8-ECCE-CE2116E2D1B1}.Release|Any CPU.ActiveCfg = Release|Any CPU
		{C45EA96D-9F7E-FDD8-ECCE-CE2116E2D1B1}.Release|Any CPU.Build.0 = Release|Any CPU
	EndGlobalSection
	GlobalSection(SolutionProperties) = preSolution
		HideSolutionNode = FALSE
	EndGlobalSection
EndGlobal
